// !$*UTF8*$!
{
	archiveVersion = 1;
	classes = {
	};
	objectVersion = 50;
	objects = {

/* Begin PBXBuildFile section */
		4FBF021F2144284A00CA0EC8 /* AppDelegate.m in Sources */ = {isa = PBXBuildFile; fileRef = 4FBF021E2144284A00CA0EC8 /* AppDelegate.m */; };
		4FBF02222144284A00CA0EC8 /* ViewController.m in Sources */ = {isa = PBXBuildFile; fileRef = 4FBF02212144284A00CA0EC8 /* ViewController.m */; };
		4FBF02252144284A00CA0EC8 /* Main.storyboard in Resources */ = {isa = PBXBuildFile; fileRef = 4FBF02232144284A00CA0EC8 /* Main.storyboard */; };
		4FBF02272144284B00CA0EC8 /* Assets.xcassets in Resources */ = {isa = PBXBuildFile; fileRef = 4FBF02262144284B00CA0EC8 /* Assets.xcassets */; };
		4FBF022A2144284B00CA0EC8 /* LaunchScreen.storyboard in Resources */ = {isa = PBXBuildFile; fileRef = 4FBF02282144284B00CA0EC8 /* LaunchScreen.storyboard */; };
		4FBF022D2144284B00CA0EC8 /* main.m in Sources */ = {isa = PBXBuildFile; fileRef = 4FBF022C2144284B00CA0EC8 /* main.m */; };
		4FBF02C621442B6700CA0EC8 /* README.md in Resources */ = {isa = PBXBuildFile; fileRef = 4FBF02C521442B6700CA0EC8 /* README.md */; };
/* End PBXBuildFile section */

/* Begin PBXFileReference section */
		4FBF021A2144284A00CA0EC8 /* VideoCodecKitDemo.app */ = {isa = PBXFileReference; explicitFileType = wrapper.application; includeInIndex = 0; path = VideoCodecKitDemo.app; sourceTree = BUILT_PRODUCTS_DIR; };
		4FBF021D2144284A00CA0EC8 /* AppDelegate.h */ = {isa = PBXFileReference; lastKnownFileType = sourcecode.c.h; path = AppDelegate.h; sourceTree = "<group>"; };
		4FBF021E2144284A00CA0EC8 /* AppDelegate.m */ = {isa = PBXFileReference; lastKnownFileType = sourcecode.c.objc; path = AppDelegate.m; sourceTree = "<group>"; };
		4FBF02202144284A00CA0EC8 /* ViewController.h */ = {isa = PBXFileReference; lastKnownFileType = sourcecode.c.h; path = ViewController.h; sourceTree = "<group>"; };
		4FBF02212144284A00CA0EC8 /* ViewController.m */ = {isa = PBXFileReference; lastKnownFileType = sourcecode.c.objc; path = ViewController.m; sourceTree = "<group>"; };
		4FBF02242144284A00CA0EC8 /* Base */ = {isa = PBXFileReference; lastKnownFileType = file.storyboard; name = Base; path = Base.lproj/Main.storyboard; sourceTree = "<group>"; };
		4FBF02262144284B00CA0EC8 /* Assets.xcassets */ = {isa = PBXFileReference; lastKnownFileType = folder.assetcatalog; path = Assets.xcassets; sourceTree = "<group>"; };
		4FBF02292144284B00CA0EC8 /* Base */ = {isa = PBXFileReference; lastKnownFileType = file.storyboard; name = Base; path = Base.lproj/LaunchScreen.storyboard; sourceTree = "<group>"; };
		4FBF022B2144284B00CA0EC8 /* Info.plist */ = {isa = PBXFileReference; lastKnownFileType = text.plist.xml; path = Info.plist; sourceTree = "<group>"; };
		4FBF022C2144284B00CA0EC8 /* main.m */ = {isa = PBXFileReference; lastKnownFileType = sourcecode.c.objc; path = main.m; sourceTree = "<group>"; };
		4FBF02C521442B6700CA0EC8 /* README.md */ = {isa = PBXFileReference; fileEncoding = 4; lastKnownFileType = net.daringfireball.markdown; path = README.md; sourceTree = "<group>"; };
/* End PBXFileReference section */

/* Begin PBXFrameworksBuildPhase section */
		4FBF02172144284A00CA0EC8 /* Frameworks */ = {
			isa = PBXFrameworksBuildPhase;
			buildActionMask = 2147483647;
			files = (
			);
			runOnlyForDeploymentPostprocessing = 0;
		};
/* End PBXFrameworksBuildPhase section */

/* Begin PBXGroup section */
		4FBF02112144284A00CA0EC8 = {
			isa = PBXGroup;
			children = (
				4FBF021C2144284A00CA0EC8 /* VideoCodecKitDemo */,
				4FBF021B2144284A00CA0EC8 /* Products */,
			);
			sourceTree = "<group>";
		};
		4FBF021B2144284A00CA0EC8 /* Products */ = {
			isa = PBXGroup;
			children = (
				4FBF021A2144284A00CA0EC8 /* VideoCodecKitDemo.app */,
			);
			name = Products;
			sourceTree = "<group>";
		};
		4FBF021C2144284A00CA0EC8 /* VideoCodecKitDemo */ = {
			isa = PBXGroup;
			children = (
				4FBF0234214428EB00CA0EC8 /* VideoCodecKit */,
				4FBF0233214428D000CA0EC8 /* DemoAPP */,
				4FBF021D2144284A00CA0EC8 /* AppDelegate.h */,
				4FBF021E2144284A00CA0EC8 /* AppDelegate.m */,
				4FBF02202144284A00CA0EC8 /* ViewController.h */,
				4FBF02212144284A00CA0EC8 /* ViewController.m */,
				4FBF02232144284A00CA0EC8 /* Main.storyboard */,
				4FBF02262144284B00CA0EC8 /* Assets.xcassets */,
				4FBF02282144284B00CA0EC8 /* LaunchScreen.storyboard */,
				4FBF022B2144284B00CA0EC8 /* Info.plist */,
				4FBF022C2144284B00CA0EC8 /* main.m */,
			);
			path = VideoCodecKitDemo;
			sourceTree = "<group>";
		};
		4FBF0233214428D000CA0EC8 /* DemoAPP */ = {
			isa = PBXGroup;
			children = (
			);
			path = DemoAPP;
			sourceTree = "<group>";
		};
		4FBF0234214428EB00CA0EC8 /* VideoCodecKit */ = {
			isa = PBXGroup;
			children = (
				4FBF023E21442A6600CA0EC8 /* Vendor */,
				4FBF02382144292A00CA0EC8 /* Services */,
				4FBF02372144291600CA0EC8 /* BaseModel */,
				4FBF023A214429B000CA0EC8 /* Render */,
				4FBF02362144290300CA0EC8 /* Decoder */,
				4FBF0235214428F800CA0EC8 /* Encoder */,
			);
			path = VideoCodecKit;
			sourceTree = "<group>";
		};
		4FBF0235214428F800CA0EC8 /* Encoder */ = {
			isa = PBXGroup;
			children = (
			);
			path = Encoder;
			sourceTree = "<group>";
		};
		4FBF02362144290300CA0EC8 /* Decoder */ = {
			isa = PBXGroup;
			children = (
				4FBF023C214429F200CA0EC8 /* Hardware */,
				4FBF023B214429E500CA0EC8 /* Software */,
				4FBF02392144294900CA0EC8 /* FrameParser */,
			);
			path = Decoder;
			sourceTree = "<group>";
		};
		4FBF02372144291600CA0EC8 /* BaseModel */ = {
			isa = PBXGroup;
			children = (
			);
			path = BaseModel;
			sourceTree = "<group>";
		};
		4FBF02382144292A00CA0EC8 /* Services */ = {
			isa = PBXGroup;
			children = (
			);
			path = Services;
			sourceTree = "<group>";
		};
		4FBF02392144294900CA0EC8 /* FrameParser */ = {
			isa = PBXGroup;
			children = (
			);
			path = FrameParser;
			sourceTree = "<group>";
		};
		4FBF023A214429B000CA0EC8 /* Render */ = {
			isa = PBXGroup;
			children = (
			);
			path = Render;
			sourceTree = "<group>";
		};
		4FBF023B214429E500CA0EC8 /* Software */ = {
			isa = PBXGroup;
			children = (
			);
			path = Software;
			sourceTree = "<group>";
		};
		4FBF023C214429F200CA0EC8 /* Hardware */ = {
			isa = PBXGroup;
			children = (
			);
			path = Hardware;
			sourceTree = "<group>";
		};
		4FBF023E21442A6600CA0EC8 /* Vendor */ = {
			isa = PBXGroup;
			children = (
				4FBF02C521442B6700CA0EC8 /* README.md */,
			);
			path = Vendor;
			sourceTree = "<group>";
		};
/* End PBXGroup section */

/* Begin PBXNativeTarget section */
		4FBF02192144284A00CA0EC8 /* VideoCodecKitDemo */ = {
			isa = PBXNativeTarget;
			buildConfigurationList = 4FBF02302144284B00CA0EC8 /* Build configuration list for PBXNativeTarget "VideoCodecKitDemo" */;
			buildPhases = (
				4FBF02162144284A00CA0EC8 /* Sources */,
				4FBF02172144284A00CA0EC8 /* Frameworks */,
				4FBF02182144284A00CA0EC8 /* Resources */,
			);
			buildRules = (
			);
			dependencies = (
			);
			name = VideoCodecKitDemo;
			productName = VideoCodecKitDemo;
			productReference = 4FBF021A2144284A00CA0EC8 /* VideoCodecKitDemo.app */;
			productType = "com.apple.product-type.application";
		};
/* End PBXNativeTarget section */

/* Begin PBXProject section */
		4FBF02122144284A00CA0EC8 /* Project object */ = {
			isa = PBXProject;
			attributes = {
				CLASSPREFIX = VC;
				LastUpgradeCheck = 0930;
				ORGANIZATIONNAME = eric3u;
				TargetAttributes = {
					4FBF02192144284A00CA0EC8 = {
						CreatedOnToolsVersion = 9.3;
					};
				};
			};
			buildConfigurationList = 4FBF02152144284A00CA0EC8 /* Build configuration list for PBXProject "VideoCodecKitDemo" */;
			compatibilityVersion = "Xcode 9.3";
			developmentRegion = en;
			hasScannedForEncodings = 0;
			knownRegions = (
				en,
				Base,
			);
			mainGroup = 4FBF02112144284A00CA0EC8;
			productRefGroup = 4FBF021B2144284A00CA0EC8 /* Products */;
			projectDirPath = "";
			projectRoot = "";
			targets = (
				4FBF02192144284A00CA0EC8 /* VideoCodecKitDemo */,
			);
		};
/* End PBXProject section */

/* Begin PBXResourcesBuildPhase section */
		4FBF02182144284A00CA0EC8 /* Resources */ = {
			isa = PBXResourcesBuildPhase;
			buildActionMask = 2147483647;
			files = (
				4FBF022A2144284B00CA0EC8 /* LaunchScreen.storyboard in Resources */,
				4FBF02272144284B00CA0EC8 /* Assets.xcassets in Resources */,
				4FBF02C621442B6700CA0EC8 /* README.md in Resources */,
				4FBF02252144284A00CA0EC8 /* Main.storyboard in Resources */,
			);
			runOnlyForDeploymentPostprocessing = 0;
		};
/* End PBXResourcesBuildPhase section */

/* Begin PBXSourcesBuildPhase section */
		4FBF02162144284A00CA0EC8 /* Sources */ = {
			isa = PBXSourcesBuildPhase;
			buildActionMask = 2147483647;
			files = (
				4FBF02222144284A00CA0EC8 /* ViewController.m in Sources */,
				4FBF022D2144284B00CA0EC8 /* main.m in Sources */,
				4FBF021F2144284A00CA0EC8 /* AppDelegate.m in Sources */,
			);
			runOnlyForDeploymentPostprocessing = 0;
		};
/* End PBXSourcesBuildPhase section */

/* Begin PBXVariantGroup section */
		4FBF02232144284A00CA0EC8 /* Main.storyboard */ = {
			isa = PBXVariantGroup;
			children = (
				4FBF02242144284A00CA0EC8 /* Base */,
			);
			name = Main.storyboard;
			sourceTree = "<group>";
		};
		4FBF02282144284B00CA0EC8 /* LaunchScreen.storyboard */ = {
			isa = PBXVariantGroup;
			children = (
				4FBF02292144284B00CA0EC8 /* Base */,
			);
			name = LaunchScreen.storyboard;
			sourceTree = "<group>";
		};
/* End PBXVariantGroup section */

/* Begin XCBuildConfiguration section */
		4FBF022E2144284B00CA0EC8 /* Debug */ = {
			isa = XCBuildConfiguration;
			buildSettings = {
				ALWAYS_SEARCH_USER_PATHS = NO;
				CLANG_ANALYZER_NONNULL = YES;
				CLANG_ANALYZER_NUMBER_OBJECT_CONVERSION = YES_AGGRESSIVE;
				CLANG_CXX_LANGUAGE_STANDARD = "gnu++14";
				CLANG_CXX_LIBRARY = "libc++";
				CLANG_ENABLE_MODULES = YES;
				CLANG_ENABLE_OBJC_ARC = YES;
				CLANG_ENABLE_OBJC_WEAK = YES;
				CLANG_WARN_BLOCK_CAPTURE_AUTORELEASING = YES;
				CLANG_WARN_BOOL_CONVERSION = YES;
				CLANG_WARN_COMMA = YES;
				CLANG_WARN_CONSTANT_CONVERSION = YES;
				CLANG_WARN_DEPRECATED_OBJC_IMPLEMENTATIONS = YES;
				CLANG_WARN_DIRECT_OBJC_ISA_USAGE = YES_ERROR;
				CLANG_WARN_DOCUMENTATION_COMMENTS = YES;
				CLANG_WARN_EMPTY_BODY = YES;
				CLANG_WARN_ENUM_CONVERSION = YES;
				CLANG_WARN_INFINITE_RECURSION = YES;
				CLANG_WARN_INT_CONVERSION = YES;
				CLANG_WARN_NON_LITERAL_NULL_CONVERSION = YES;
				CLANG_WARN_OBJC_IMPLICIT_RETAIN_SELF = YES;
				CLANG_WARN_OBJC_LITERAL_CONVERSION = YES;
				CLANG_WARN_OBJC_ROOT_CLASS = YES_ERROR;
				CLANG_WARN_RANGE_LOOP_ANALYSIS = YES;
				CLANG_WARN_STRICT_PROTOTYPES = YES;
				CLANG_WARN_SUSPICIOUS_MOVE = YES;
				CLANG_WARN_UNGUARDED_AVAILABILITY = YES_AGGRESSIVE;
				CLANG_WARN_UNREACHABLE_CODE = YES;
				CLANG_WARN__DUPLICATE_METHOD_MATCH = YES;
				CODE_SIGN_IDENTITY = "iPhone Developer";
				COPY_PHASE_STRIP = NO;
				DEBUG_INFORMATION_FORMAT = dwarf;
				ENABLE_STRICT_OBJC_MSGSEND = YES;
				ENABLE_TESTABILITY = YES;
				GCC_C_LANGUAGE_STANDARD = gnu11;
				GCC_DYNAMIC_NO_PIC = NO;
				GCC_NO_COMMON_BLOCKS = YES;
				GCC_OPTIMIZATION_LEVEL = 0;
				GCC_PREPROCESSOR_DEFINITIONS = (
					"DEBUG=1",
					"$(inherited)",
				);
				GCC_WARN_64_TO_32_BIT_CONVERSION = YES;
				GCC_WARN_ABOUT_RETURN_TYPE = YES_ERROR;
				GCC_WARN_UNDECLARED_SELECTOR = YES;
				GCC_WARN_UNINITIALIZED_AUTOS = YES_AGGRESSIVE;
				GCC_WARN_UNUSED_FUNCTION = YES;
				GCC_WARN_UNUSED_VARIABLE = YES;
				IPHONEOS_DEPLOYMENT_TARGET = 11.3;
				MTL_ENABLE_DEBUG_INFO = YES;
				ONLY_ACTIVE_ARCH = YES;
				SDKROOT = iphoneos;
			};
			name = Debug;
		};
		4FBF022F2144284B00CA0EC8 /* Release */ = {
			isa = XCBuildConfiguration;
			buildSettings = {
				ALWAYS_SEARCH_USER_PATHS = NO;
				CLANG_ANALYZER_NONNULL = YES;
				CLANG_ANALYZER_NUMBER_OBJECT_CONVERSION = YES_AGGRESSIVE;
				CLANG_CXX_LANGUAGE_STANDARD = "gnu++14";
				CLANG_CXX_LIBRARY = "libc++";
				CLANG_ENABLE_MODULES = YES;
				CLANG_ENABLE_OBJC_ARC = YES;
				CLANG_ENABLE_OBJC_WEAK = YES;
				CLANG_WARN_BLOCK_CAPTURE_AUTORELEASING = YES;
				CLANG_WARN_BOOL_CONVERSION = YES;
				CLANG_WARN_COMMA = YES;
				CLANG_WARN_CONSTANT_CONVERSION = YES;
				CLANG_WARN_DEPRECATED_OBJC_IMPLEMENTATIONS = YES;
				CLANG_WARN_DIRECT_OBJC_ISA_USAGE = YES_ERROR;
				CLANG_WARN_DOCUMENTATION_COMMENTS = YES;
				CLANG_WARN_EMPTY_BODY = YES;
				CLANG_WARN_ENUM_CONVERSION = YES;
				CLANG_WARN_INFINITE_RECURSION = YES;
				CLANG_WARN_INT_CONVERSION = YES;
				CLANG_WARN_NON_LITERAL_NULL_CONVERSION = YES;
				CLANG_WARN_OBJC_IMPLICIT_RETAIN_SELF = YES;
				CLANG_WARN_OBJC_LITERAL_CONVERSION = YES;
				CLANG_WARN_OBJC_ROOT_CLASS = YES_ERROR;
				CLANG_WARN_RANGE_LOOP_ANALYSIS = YES;
				CLANG_WARN_STRICT_PROTOTYPES = YES;
				CLANG_WARN_SUSPICIOUS_MOVE = YES;
				CLANG_WARN_UNGUARDED_AVAILABILITY = YES_AGGRESSIVE;
				CLANG_WARN_UNREACHABLE_CODE = YES;
				CLANG_WARN__DUPLICATE_METHOD_MATCH = YES;
				CODE_SIGN_IDENTITY = "iPhone Developer";
				COPY_PHASE_STRIP = NO;
				DEBUG_INFORMATION_FORMAT = "dwarf-with-dsym";
				ENABLE_NS_ASSERTIONS = NO;
				ENABLE_STRICT_OBJC_MSGSEND = YES;
				GCC_C_LANGUAGE_STANDARD = gnu11;
				GCC_NO_COMMON_BLOCKS = YES;
				GCC_WARN_64_TO_32_BIT_CONVERSION = YES;
				GCC_WARN_ABOUT_RETURN_TYPE = YES_ERROR;
				GCC_WARN_UNDECLARED_SELECTOR = YES;
				GCC_WARN_UNINITIALIZED_AUTOS = YES_AGGRESSIVE;
				GCC_WARN_UNUSED_FUNCTION = YES;
				GCC_WARN_UNUSED_VARIABLE = YES;
				IPHONEOS_DEPLOYMENT_TARGET = 11.3;
				MTL_ENABLE_DEBUG_INFO = NO;
				SDKROOT = iphoneos;
				VALIDATE_PRODUCT = YES;
			};
			name = Release;
		};
		4FBF02312144284B00CA0EC8 /* Debug */ = {
			isa = XCBuildConfiguration;
			buildSettings = {
				ASSETCATALOG_COMPILER_APPICON_NAME = AppIcon;
				CODE_SIGN_STYLE = Automatic;
				DEVELOPMENT_TEAM = 2VQ94C2355;
				INFOPLIST_FILE = VideoCodecKitDemo/Info.plist;
				IPHONEOS_DEPLOYMENT_TARGET = 8.0;
				LD_RUNPATH_SEARCH_PATHS = (
					"$(inherited)",
					"@executable_path/Frameworks",
				);
				LIBRARY_SEARCH_PATHS = (
					"$(inherited)",
					"$(PROJECT_DIR)/VideoCodecKitDemo/VideoCodecKit/Vendor/ffmpeg/lib",
				);
				PRODUCT_BUNDLE_IDENTIFIER = com.eric3u.VideoCodecKitDemo;
				PRODUCT_NAME = "$(TARGET_NAME)";
				TARGETED_DEVICE_FAMILY = "1,2";
			};
			name = Debug;
		};
		4FBF02322144284B00CA0EC8 /* Release */ = {
			isa = XCBuildConfiguration;
			buildSettings = {
				ASSETCATALOG_COMPILER_APPICON_NAME = AppIcon;
				CODE_SIGN_STYLE = Automatic;
				DEVELOPMENT_TEAM = 2VQ94C2355;
				INFOPLIST_FILE = VideoCodecKitDemo/Info.plist;
				IPHONEOS_DEPLOYMENT_TARGET = 8.0;
				LD_RUNPATH_SEARCH_PATHS = (
					"$(inherited)",
					"@executable_path/Frameworks",
				);
				LIBRARY_SEARCH_PATHS = (
					"$(inherited)",
					"$(PROJECT_DIR)/VideoCodecKitDemo/VideoCodecKit/Vendor/ffmpeg/lib",
				);
				PRODUCT_BUNDLE_IDENTIFIER = com.eric3u.VideoCodecKitDemo;
				PRODUCT_NAME = "$(TARGET_NAME)";
				TARGETED_DEVICE_FAMILY = "1,2";
			};
			name = Release;
		};
/* End XCBuildConfiguration section */

/* Begin XCConfigurationList section */
		4FBF02152144284A00CA0EC8 /* Build configuration list for PBXProject "VideoCodecKitDemo" */ = {
			isa = XCConfigurationList;
			buildConfigurations = (
				4FBF022E2144284B00CA0EC8 /* Debug */,
				4FBF022F2144284B00CA0EC8 /* Release */,
			);
			defaultConfigurationIsVisible = 0;
			defaultConfigurationName = Release;
		};
		4FBF02302144284B00CA0EC8 /* Build configuration list for PBXNativeTarget "VideoCodecKitDemo" */ = {
			isa = XCConfigurationList;
			buildConfigurations = (
				4FBF02312144284B00CA0EC8 /* Debug */,
				4FBF02322144284B00CA0EC8 /* Release */,
			);
			defaultConfigurationIsVisible = 0;
			defaultConfigurationName = Release;
		};
/* End XCConfigurationList section */
	};
	rootObject = 4FBF02122144284A00CA0EC8 /* Project object */;
}
