// !$*UTF8*$!
{
	archiveVersion = 1;
	classes = {
	};
	objectVersion = 50;
	objects = {

/* Begin PBXBuildFile section */
		4F0F951B2188941F00CB9BAE /* VCDemoNavigationController.m in Sources */ = {isa = PBXBuildFile; fileRef = 4F0F951A2188941F00CB9BAE /* VCDemoNavigationController.m */; };
		4F0F951E218894FC00CB9BAE /* VCDemoViewController.m in Sources */ = {isa = PBXBuildFile; fileRef = 4F0F951D218894FC00CB9BAE /* VCDemoViewController.m */; };
		4F0F95212188962C00CB9BAE /* VCDemoBackableViewController.m in Sources */ = {isa = PBXBuildFile; fileRef = 4F0F95202188962C00CB9BAE /* VCDemoBackableViewController.m */; };
		4F0F9523218899E500CB9BAE /* Masonry.framework in Frameworks */ = {isa = PBXBuildFile; fileRef = 4F0F9522218899E500CB9BAE /* Masonry.framework */; };
		4F0F9524218899E500CB9BAE /* Masonry.framework in Embed Frameworks */ = {isa = PBXBuildFile; fileRef = 4F0F9522218899E500CB9BAE /* Masonry.framework */; settings = {ATTRIBUTES = (CodeSignOnCopy, RemoveHeadersOnCopy, ); }; };
		4F0F95382188BCB100CB9BAE /* VCDemoListViewController.m in Sources */ = {isa = PBXBuildFile; fileRef = 4F0F95372188BCB100CB9BAE /* VCDemoListViewController.m */; };
		4F76FC5B21626ED5002E7F0D /* KVSig.framework in Frameworks */ = {isa = PBXBuildFile; fileRef = 4F76FC5A21626ED5002E7F0D /* KVSig.framework */; };
		4F76FC5C21626ED5002E7F0D /* KVSig.framework in Embed Frameworks */ = {isa = PBXBuildFile; fileRef = 4F76FC5A21626ED5002E7F0D /* KVSig.framework */; settings = {ATTRIBUTES = (CodeSignOnCopy, RemoveHeadersOnCopy, ); }; };
		4F76FC7521627512002E7F0D /* VideoCodecKit.framework in Frameworks */ = {isa = PBXBuildFile; fileRef = 4F76FC7421627512002E7F0D /* VideoCodecKit.framework */; };
		4F76FC7621627512002E7F0D /* VideoCodecKit.framework in Embed Frameworks */ = {isa = PBXBuildFile; fileRef = 4F76FC7421627512002E7F0D /* VideoCodecKit.framework */; settings = {ATTRIBUTES = (CodeSignOnCopy, RemoveHeadersOnCopy, ); }; };
		4F9173DF23DF077E0065D31D /* sss.h264 in Resources */ = {isa = PBXBuildFile; fileRef = 4F9173DD23DF077E0065D31D /* sss.h264 */; };
		4F9173E023DF077E0065D31D /* sss.h265 in Resources */ = {isa = PBXBuildFile; fileRef = 4F9173DE23DF077E0065D31D /* sss.h265 */; };
		4F9173F123DF21D20065D31D /* VCRawH264DemoViewController.m in Sources */ = {isa = PBXBuildFile; fileRef = 4F9173F023DF21D20065D31D /* VCRawH264DemoViewController.m */; };
		4F9279D72145180800F17F9A /* libiconv.tbd in Frameworks */ = {isa = PBXBuildFile; fileRef = 4F9279D62145180700F17F9A /* libiconv.tbd */; };
		4F9279EA21451A7600F17F9A /* VideoToolbox.framework in Frameworks */ = {isa = PBXBuildFile; fileRef = 4F9279E921451A7500F17F9A /* VideoToolbox.framework */; };
		4F9279EC21451A8100F17F9A /* CoreMedia.framework in Frameworks */ = {isa = PBXBuildFile; fileRef = 4F9279EB21451A8100F17F9A /* CoreMedia.framework */; };
		4F9279EE21451A9000F17F9A /* AudioToolbox.framework in Frameworks */ = {isa = PBXBuildFile; fileRef = 4F9279ED21451A9000F17F9A /* AudioToolbox.framework */; };
		4F9279F021451A9C00F17F9A /* libz.tbd in Frameworks */ = {isa = PBXBuildFile; fileRef = 4F9279EF21451A9C00F17F9A /* libz.tbd */; };
		4F927A20214E381000F17F9A /* Shader.fsh in Resources */ = {isa = PBXBuildFile; fileRef = 4F927A1F214E381000F17F9A /* Shader.fsh */; };
		4F927A22214E382D00F17F9A /* Shader.vsh in Resources */ = {isa = PBXBuildFile; fileRef = 4F927A21214E382D00F17F9A /* Shader.vsh */; };
		4F927A242152A2B900F17F9A /* AVFoundation.framework in Frameworks */ = {isa = PBXBuildFile; fileRef = 4F927A232152A2B900F17F9A /* AVFoundation.framework */; };
		4F93584B2169EE2300A9F613 /* test.h264 in Resources */ = {isa = PBXBuildFile; fileRef = 4F93584A2169ECC700A9F613 /* test.h264 */; };
		4FBCCE6A21FCD08B00E7BF3C /* VCDemoISOTestViewController.m in Sources */ = {isa = PBXBuildFile; fileRef = 4FBCCE6921FCD08B00E7BF3C /* VCDemoISOTestViewController.m */; };
		4FBF021F2144284A00CA0EC8 /* AppDelegate.m in Sources */ = {isa = PBXBuildFile; fileRef = 4FBF021E2144284A00CA0EC8 /* AppDelegate.m */; };
		4FBF02252144284A00CA0EC8 /* Main.storyboard in Resources */ = {isa = PBXBuildFile; fileRef = 4FBF02232144284A00CA0EC8 /* Main.storyboard */; };
		4FBF02272144284B00CA0EC8 /* Assets.xcassets in Resources */ = {isa = PBXBuildFile; fileRef = 4FBF02262144284B00CA0EC8 /* Assets.xcassets */; };
		4FBF022A2144284B00CA0EC8 /* LaunchScreen.storyboard in Resources */ = {isa = PBXBuildFile; fileRef = 4FBF02282144284B00CA0EC8 /* LaunchScreen.storyboard */; };
		4FBF022D2144284B00CA0EC8 /* main.m in Sources */ = {isa = PBXBuildFile; fileRef = 4FBF022C2144284B00CA0EC8 /* main.m */; };
		4FD32AAF220DD54A00C391E8 /* VCDemoFLVAudioPlayTestViewController.m in Sources */ = {isa = PBXBuildFile; fileRef = 4FD32AAE220DD54A00C391E8 /* VCDemoFLVAudioPlayTestViewController.m */; };
		4FD32AB1220DD61000C391E8 /* test_flv_audio.flv in Resources */ = {isa = PBXBuildFile; fileRef = 4FD32AB0220DD61000C391E8 /* test_flv_audio.flv */; };
		4FDF7F1E2205240A0019833C /* test.flv in Resources */ = {isa = PBXBuildFile; fileRef = 4FDF7F1D2205240A0019833C /* test.flv */; };
		4FDF7F362209381A0019833C /* VCDemoEncoderTestViewController.m in Sources */ = {isa = PBXBuildFile; fileRef = 4FDF7F352209381A0019833C /* VCDemoEncoderTestViewController.m */; };
		4FDF7F47220BEF4B0019833C /* VCDemoMicRecorderTestViewController.m in Sources */ = {isa = PBXBuildFile; fileRef = 4FDF7F46220BEF4B0019833C /* VCDemoMicRecorderTestViewController.m */; };
/* End PBXBuildFile section */

/* Begin PBXCopyFilesBuildPhase section */
		4F9279E82145187300F17F9A /* Embed Frameworks */ = {
			isa = PBXCopyFilesBuildPhase;
			buildActionMask = 2147483647;
			dstPath = "";
			dstSubfolderSpec = 10;
			files = (
				4F76FC7621627512002E7F0D /* VideoCodecKit.framework in Embed Frameworks */,
				4F76FC5C21626ED5002E7F0D /* KVSig.framework in Embed Frameworks */,
				4F0F9524218899E500CB9BAE /* Masonry.framework in Embed Frameworks */,
			);
			name = "Embed Frameworks";
			runOnlyForDeploymentPostprocessing = 0;
		};
/* End PBXCopyFilesBuildPhase section */

/* Begin PBXFileReference section */
		4F0F95192188941F00CB9BAE /* VCDemoNavigationController.h */ = {isa = PBXFileReference; lastKnownFileType = sourcecode.c.h; path = VCDemoNavigationController.h; sourceTree = "<group>"; };
		4F0F951A2188941F00CB9BAE /* VCDemoNavigationController.m */ = {isa = PBXFileReference; lastKnownFileType = sourcecode.c.objc; path = VCDemoNavigationController.m; sourceTree = "<group>"; };
		4F0F951C218894FC00CB9BAE /* VCDemoViewController.h */ = {isa = PBXFileReference; lastKnownFileType = sourcecode.c.h; path = VCDemoViewController.h; sourceTree = "<group>"; };
		4F0F951D218894FC00CB9BAE /* VCDemoViewController.m */ = {isa = PBXFileReference; lastKnownFileType = sourcecode.c.objc; path = VCDemoViewController.m; sourceTree = "<group>"; };
		4F0F951F2188962C00CB9BAE /* VCDemoBackableViewController.h */ = {isa = PBXFileReference; lastKnownFileType = sourcecode.c.h; path = VCDemoBackableViewController.h; sourceTree = "<group>"; };
		4F0F95202188962C00CB9BAE /* VCDemoBackableViewController.m */ = {isa = PBXFileReference; lastKnownFileType = sourcecode.c.objc; path = VCDemoBackableViewController.m; sourceTree = "<group>"; };
		4F0F9522218899E500CB9BAE /* Masonry.framework */ = {isa = PBXFileReference; lastKnownFileType = wrapper.framework; name = Masonry.framework; path = VideoCodecKitDemo/Masonry.framework; sourceTree = "<group>"; };
		4F0F95362188BCB100CB9BAE /* VCDemoListViewController.h */ = {isa = PBXFileReference; lastKnownFileType = sourcecode.c.h; path = VCDemoListViewController.h; sourceTree = "<group>"; };
		4F0F95372188BCB100CB9BAE /* VCDemoListViewController.m */ = {isa = PBXFileReference; lastKnownFileType = sourcecode.c.objc; path = VCDemoListViewController.m; sourceTree = "<group>"; };
		4F76FC5A21626ED5002E7F0D /* KVSig.framework */ = {isa = PBXFileReference; lastKnownFileType = wrapper.framework; name = KVSig.framework; path = VideoCodecKitDemo/KVSig.framework; sourceTree = "<group>"; };
		4F76FC7421627512002E7F0D /* VideoCodecKit.framework */ = {isa = PBXFileReference; explicitFileType = wrapper.framework; path = VideoCodecKit.framework; sourceTree = BUILT_PRODUCTS_DIR; };
		4F9173DD23DF077E0065D31D /* sss.h264 */ = {isa = PBXFileReference; lastKnownFileType = file; path = sss.h264; sourceTree = "<group>"; };
		4F9173DE23DF077E0065D31D /* sss.h265 */ = {isa = PBXFileReference; lastKnownFileType = file; path = sss.h265; sourceTree = "<group>"; };
		4F9173EF23DF21D20065D31D /* VCRawH264DemoViewController.h */ = {isa = PBXFileReference; lastKnownFileType = sourcecode.c.h; path = VCRawH264DemoViewController.h; sourceTree = "<group>"; };
		4F9173F023DF21D20065D31D /* VCRawH264DemoViewController.m */ = {isa = PBXFileReference; lastKnownFileType = sourcecode.c.objc; path = VCRawH264DemoViewController.m; sourceTree = "<group>"; };
		4F92799921442E1700F17F9A /* libavdevice.a */ = {isa = PBXFileReference; lastKnownFileType = archive.ar; name = libavdevice.a; path = VideoCodecKitDemo/VideoCodecKit/Vendor/binary/ffmpeg/lib/libavdevice.a; sourceTree = "<group>"; };
		4F92799A21442E1700F17F9A /* libswscale.a */ = {isa = PBXFileReference; lastKnownFileType = archive.ar; name = libswscale.a; path = VideoCodecKitDemo/VideoCodecKit/Vendor/binary/ffmpeg/lib/libswscale.a; sourceTree = "<group>"; };
		4F92799B21442E1700F17F9A /* libavfilter.a */ = {isa = PBXFileReference; lastKnownFileType = archive.ar; name = libavfilter.a; path = VideoCodecKitDemo/VideoCodecKit/Vendor/binary/ffmpeg/lib/libavfilter.a; sourceTree = "<group>"; };
		4F92799C21442E1700F17F9A /* libavcodec.a */ = {isa = PBXFileReference; lastKnownFileType = archive.ar; name = libavcodec.a; path = VideoCodecKitDemo/VideoCodecKit/Vendor/binary/ffmpeg/lib/libavcodec.a; sourceTree = "<group>"; };
		4F92799D21442E1700F17F9A /* libavformat.a */ = {isa = PBXFileReference; lastKnownFileType = archive.ar; name = libavformat.a; path = VideoCodecKitDemo/VideoCodecKit/Vendor/binary/ffmpeg/lib/libavformat.a; sourceTree = "<group>"; };
		4F92799E21442E1700F17F9A /* libswresample.a */ = {isa = PBXFileReference; lastKnownFileType = archive.ar; name = libswresample.a; path = VideoCodecKitDemo/VideoCodecKit/Vendor/binary/ffmpeg/lib/libswresample.a; sourceTree = "<group>"; };
		4F92799F21442E1700F17F9A /* libavutil.a */ = {isa = PBXFileReference; lastKnownFileType = archive.ar; name = libavutil.a; path = VideoCodecKitDemo/VideoCodecKit/Vendor/binary/ffmpeg/lib/libavutil.a; sourceTree = "<group>"; };
		4F9279D62145180700F17F9A /* libiconv.tbd */ = {isa = PBXFileReference; lastKnownFileType = "sourcecode.text-based-dylib-definition"; name = libiconv.tbd; path = usr/lib/libiconv.tbd; sourceTree = SDKROOT; };
		4F9279E921451A7500F17F9A /* VideoToolbox.framework */ = {isa = PBXFileReference; lastKnownFileType = wrapper.framework; name = VideoToolbox.framework; path = System/Library/Frameworks/VideoToolbox.framework; sourceTree = SDKROOT; };
		4F9279EB21451A8100F17F9A /* CoreMedia.framework */ = {isa = PBXFileReference; lastKnownFileType = wrapper.framework; name = CoreMedia.framework; path = System/Library/Frameworks/CoreMedia.framework; sourceTree = SDKROOT; };
		4F9279ED21451A9000F17F9A /* AudioToolbox.framework */ = {isa = PBXFileReference; lastKnownFileType = wrapper.framework; name = AudioToolbox.framework; path = System/Library/Frameworks/AudioToolbox.framework; sourceTree = SDKROOT; };
		4F9279EF21451A9C00F17F9A /* libz.tbd */ = {isa = PBXFileReference; lastKnownFileType = "sourcecode.text-based-dylib-definition"; name = libz.tbd; path = usr/lib/libz.tbd; sourceTree = SDKROOT; };
		4F927A1F214E381000F17F9A /* Shader.fsh */ = {isa = PBXFileReference; lastKnownFileType = sourcecode.glsl; path = Shader.fsh; sourceTree = "<group>"; };
		4F927A21214E382D00F17F9A /* Shader.vsh */ = {isa = PBXFileReference; lastKnownFileType = sourcecode.glsl; path = Shader.vsh; sourceTree = "<group>"; };
		4F927A232152A2B900F17F9A /* AVFoundation.framework */ = {isa = PBXFileReference; lastKnownFileType = wrapper.framework; name = AVFoundation.framework; path = System/Library/Frameworks/AVFoundation.framework; sourceTree = SDKROOT; };
		4F93584A2169ECC700A9F613 /* test.h264 */ = {isa = PBXFileReference; lastKnownFileType = file; path = test.h264; sourceTree = "<group>"; };
		4FBCCE6821FCD08B00E7BF3C /* VCDemoISOTestViewController.h */ = {isa = PBXFileReference; lastKnownFileType = sourcecode.c.h; path = VCDemoISOTestViewController.h; sourceTree = "<group>"; };
		4FBCCE6921FCD08B00E7BF3C /* VCDemoISOTestViewController.m */ = {isa = PBXFileReference; lastKnownFileType = sourcecode.c.objc; path = VCDemoISOTestViewController.m; sourceTree = "<group>"; };
		4FBF021A2144284A00CA0EC8 /* VideoCodecKitDemo.app */ = {isa = PBXFileReference; explicitFileType = wrapper.application; includeInIndex = 0; path = VideoCodecKitDemo.app; sourceTree = BUILT_PRODUCTS_DIR; };
		4FBF021D2144284A00CA0EC8 /* AppDelegate.h */ = {isa = PBXFileReference; lastKnownFileType = sourcecode.c.h; path = AppDelegate.h; sourceTree = "<group>"; };
		4FBF021E2144284A00CA0EC8 /* AppDelegate.m */ = {isa = PBXFileReference; lastKnownFileType = sourcecode.c.objc; path = AppDelegate.m; sourceTree = "<group>"; };
		4FBF02242144284A00CA0EC8 /* Base */ = {isa = PBXFileReference; lastKnownFileType = file.storyboard; name = Base; path = Base.lproj/Main.storyboard; sourceTree = "<group>"; };
		4FBF02262144284B00CA0EC8 /* Assets.xcassets */ = {isa = PBXFileReference; lastKnownFileType = folder.assetcatalog; path = Assets.xcassets; sourceTree = "<group>"; };
		4FBF02292144284B00CA0EC8 /* Base */ = {isa = PBXFileReference; lastKnownFileType = file.storyboard; name = Base; path = Base.lproj/LaunchScreen.storyboard; sourceTree = "<group>"; };
		4FBF022B2144284B00CA0EC8 /* Info.plist */ = {isa = PBXFileReference; lastKnownFileType = text.plist.xml; path = Info.plist; sourceTree = "<group>"; };
		4FBF022C2144284B00CA0EC8 /* main.m */ = {isa = PBXFileReference; lastKnownFileType = sourcecode.c.objc; path = main.m; sourceTree = "<group>"; };
		4FD32AAD220DD54A00C391E8 /* VCDemoFLVAudioPlayTestViewController.h */ = {isa = PBXFileReference; lastKnownFileType = sourcecode.c.h; path = VCDemoFLVAudioPlayTestViewController.h; sourceTree = "<group>"; };
		4FD32AAE220DD54A00C391E8 /* VCDemoFLVAudioPlayTestViewController.m */ = {isa = PBXFileReference; lastKnownFileType = sourcecode.c.objc; path = VCDemoFLVAudioPlayTestViewController.m; sourceTree = "<group>"; };
		4FD32AB0220DD61000C391E8 /* test_flv_audio.flv */ = {isa = PBXFileReference; lastKnownFileType = file; path = test_flv_audio.flv; sourceTree = "<group>"; };
		4FDF7F1D2205240A0019833C /* test.flv */ = {isa = PBXFileReference; lastKnownFileType = file; path = test.flv; sourceTree = "<group>"; };
		4FDF7F342209381A0019833C /* VCDemoEncoderTestViewController.h */ = {isa = PBXFileReference; lastKnownFileType = sourcecode.c.h; path = VCDemoEncoderTestViewController.h; sourceTree = "<group>"; };
		4FDF7F352209381A0019833C /* VCDemoEncoderTestViewController.m */ = {isa = PBXFileReference; lastKnownFileType = sourcecode.c.objc; path = VCDemoEncoderTestViewController.m; sourceTree = "<group>"; };
		4FDF7F45220BEF4B0019833C /* VCDemoMicRecorderTestViewController.h */ = {isa = PBXFileReference; lastKnownFileType = sourcecode.c.h; path = VCDemoMicRecorderTestViewController.h; sourceTree = "<group>"; };
		4FDF7F46220BEF4B0019833C /* VCDemoMicRecorderTestViewController.m */ = {isa = PBXFileReference; lastKnownFileType = sourcecode.c.objc; path = VCDemoMicRecorderTestViewController.m; sourceTree = "<group>"; };
/* End PBXFileReference section */

/* Begin PBXFrameworksBuildPhase section */
		4FBF02172144284A00CA0EC8 /* Frameworks */ = {
			isa = PBXFrameworksBuildPhase;
			buildActionMask = 2147483647;
			files = (
				4F76FC7521627512002E7F0D /* VideoCodecKit.framework in Frameworks */,
				4F927A242152A2B900F17F9A /* AVFoundation.framework in Frameworks */,
				4F9279F021451A9C00F17F9A /* libz.tbd in Frameworks */,
				4F9279EE21451A9000F17F9A /* AudioToolbox.framework in Frameworks */,
				4F9279EC21451A8100F17F9A /* CoreMedia.framework in Frameworks */,
				4F0F9523218899E500CB9BAE /* Masonry.framework in Frameworks */,
				4F9279EA21451A7600F17F9A /* VideoToolbox.framework in Frameworks */,
				4F9279D72145180800F17F9A /* libiconv.tbd in Frameworks */,
				4F76FC5B21626ED5002E7F0D /* KVSig.framework in Frameworks */,
			);
			runOnlyForDeploymentPostprocessing = 0;
		};
/* End PBXFrameworksBuildPhase section */

/* Begin PBXGroup section */
		4F0F9513218891E600CB9BAE /* BaseViewController */ = {
			isa = PBXGroup;
			children = (
				4F0F95192188941F00CB9BAE /* VCDemoNavigationController.h */,
				4F0F951A2188941F00CB9BAE /* VCDemoNavigationController.m */,
				4F0F951C218894FC00CB9BAE /* VCDemoViewController.h */,
				4F0F951D218894FC00CB9BAE /* VCDemoViewController.m */,
				4F0F951F2188962C00CB9BAE /* VCDemoBackableViewController.h */,
				4F0F95202188962C00CB9BAE /* VCDemoBackableViewController.m */,
			);
			path = BaseViewController;
			sourceTree = "<group>";
		};
		4F9173EE23DF21BE0065D31D /* RawH264 */ = {
			isa = PBXGroup;
			children = (
				4F9173EF23DF21D20065D31D /* VCRawH264DemoViewController.h */,
				4F9173F023DF21D20065D31D /* VCRawH264DemoViewController.m */,
			);
			path = RawH264;
			sourceTree = "<group>";
		};
		4F92799821442E1700F17F9A /* Frameworks */ = {
			isa = PBXGroup;
			children = (
				4F927A232152A2B900F17F9A /* AVFoundation.framework */,
				4F9279EF21451A9C00F17F9A /* libz.tbd */,
				4F9279ED21451A9000F17F9A /* AudioToolbox.framework */,
				4F9279EB21451A8100F17F9A /* CoreMedia.framework */,
				4F9279E921451A7500F17F9A /* VideoToolbox.framework */,
				4F9279D62145180700F17F9A /* libiconv.tbd */,
				4F92799C21442E1700F17F9A /* libavcodec.a */,
				4F92799921442E1700F17F9A /* libavdevice.a */,
				4F92799B21442E1700F17F9A /* libavfilter.a */,
				4F92799D21442E1700F17F9A /* libavformat.a */,
				4F92799F21442E1700F17F9A /* libavutil.a */,
				4F92799E21442E1700F17F9A /* libswresample.a */,
				4F92799A21442E1700F17F9A /* libswscale.a */,
			);
			name = Frameworks;
			sourceTree = "<group>";
		};
		4F9279A721442EDC00F17F9A /* Resources */ = {
			isa = PBXGroup;
			children = (
				4F9173DD23DF077E0065D31D /* sss.h264 */,
				4F9173DE23DF077E0065D31D /* sss.h265 */,
				4FDF7F1D2205240A0019833C /* test.flv */,
				4F93584A2169ECC700A9F613 /* test.h264 */,
				4FD32AB0220DD61000C391E8 /* test_flv_audio.flv */,
				4FBF02262144284B00CA0EC8 /* Assets.xcassets */,
				4FBF02282144284B00CA0EC8 /* LaunchScreen.storyboard */,
				4F927A1F214E381000F17F9A /* Shader.fsh */,
				4F927A21214E382D00F17F9A /* Shader.vsh */,
			);
			path = Resources;
			sourceTree = "<group>";
		};
		4F9279A821442F0800F17F9A /* Classses */ = {
			isa = PBXGroup;
			children = (
				4F9173EE23DF21BE0065D31D /* RawH264 */,
				4FD32AAC220DD51F00C391E8 /* FLVAudioPlay */,
				4FDF7F41220BEEFA0019833C /* MicRecorder */,
				4FDF7F33220937E00019833C /* Encoder */,
				4FBCCE6721FCD03900E7BF3C /* ISO */,
				4F0F9513218891E600CB9BAE /* BaseViewController */,
				4FBF021D2144284A00CA0EC8 /* AppDelegate.h */,
				4FBF021E2144284A00CA0EC8 /* AppDelegate.m */,
				4F0F95362188BCB100CB9BAE /* VCDemoListViewController.h */,
				4F0F95372188BCB100CB9BAE /* VCDemoListViewController.m */,
				4FBF02232144284A00CA0EC8 /* Main.storyboard */,
			);
			path = Classses;
			sourceTree = "<group>";
		};
		4FBCCE6721FCD03900E7BF3C /* ISO */ = {
			isa = PBXGroup;
			children = (
				4FBCCE6821FCD08B00E7BF3C /* VCDemoISOTestViewController.h */,
				4FBCCE6921FCD08B00E7BF3C /* VCDemoISOTestViewController.m */,
			);
			path = ISO;
			sourceTree = "<group>";
		};
		4FBF02112144284A00CA0EC8 = {
			isa = PBXGroup;
			children = (
				4F0F9522218899E500CB9BAE /* Masonry.framework */,
				4F76FC7421627512002E7F0D /* VideoCodecKit.framework */,
				4F76FC5A21626ED5002E7F0D /* KVSig.framework */,
				4FBF021C2144284A00CA0EC8 /* VideoCodecKitDemo */,
				4FBF021B2144284A00CA0EC8 /* Products */,
				4F92799821442E1700F17F9A /* Frameworks */,
			);
			sourceTree = "<group>";
		};
		4FBF021B2144284A00CA0EC8 /* Products */ = {
			isa = PBXGroup;
			children = (
				4FBF021A2144284A00CA0EC8 /* VideoCodecKitDemo.app */,
			);
			name = Products;
			sourceTree = "<group>";
		};
		4FBF021C2144284A00CA0EC8 /* VideoCodecKitDemo */ = {
			isa = PBXGroup;
			children = (
				4F9279A821442F0800F17F9A /* Classses */,
				4F9279A721442EDC00F17F9A /* Resources */,
				4FBF022C2144284B00CA0EC8 /* main.m */,
				4FBF022B2144284B00CA0EC8 /* Info.plist */,
			);
			path = VideoCodecKitDemo;
			sourceTree = "<group>";
		};
		4FD32AAC220DD51F00C391E8 /* FLVAudioPlay */ = {
			isa = PBXGroup;
			children = (
				4FD32AAD220DD54A00C391E8 /* VCDemoFLVAudioPlayTestViewController.h */,
				4FD32AAE220DD54A00C391E8 /* VCDemoFLVAudioPlayTestViewController.m */,
			);
			path = FLVAudioPlay;
			sourceTree = "<group>";
		};
		4FDF7F33220937E00019833C /* Encoder */ = {
			isa = PBXGroup;
			children = (
				4FDF7F342209381A0019833C /* VCDemoEncoderTestViewController.h */,
				4FDF7F352209381A0019833C /* VCDemoEncoderTestViewController.m */,
			);
			path = Encoder;
			sourceTree = "<group>";
		};
		4FDF7F41220BEEFA0019833C /* MicRecorder */ = {
			isa = PBXGroup;
			children = (
				4FDF7F45220BEF4B0019833C /* VCDemoMicRecorderTestViewController.h */,
				4FDF7F46220BEF4B0019833C /* VCDemoMicRecorderTestViewController.m */,
			);
			path = MicRecorder;
			sourceTree = "<group>";
		};
/* End PBXGroup section */

/* Begin PBXNativeTarget section */
		4FBF02192144284A00CA0EC8 /* VideoCodecKitDemo */ = {
			isa = PBXNativeTarget;
			buildConfigurationList = 4FBF02302144284B00CA0EC8 /* Build configuration list for PBXNativeTarget "VideoCodecKitDemo" */;
			buildPhases = (
				4FBF02162144284A00CA0EC8 /* Sources */,
				4FBF02172144284A00CA0EC8 /* Frameworks */,
				4FBF02182144284A00CA0EC8 /* Resources */,
				4F9279E82145187300F17F9A /* Embed Frameworks */,
			);
			buildRules = (
			);
			dependencies = (
			);
			name = VideoCodecKitDemo;
			productName = VideoCodecKitDemo;
			productReference = 4FBF021A2144284A00CA0EC8 /* VideoCodecKitDemo.app */;
			productType = "com.apple.product-type.application";
		};
/* End PBXNativeTarget section */

/* Begin PBXProject section */
		4FBF02122144284A00CA0EC8 /* Project object */ = {
			isa = PBXProject;
			attributes = {
				CLASSPREFIX = VC;
				LastUpgradeCheck = 0930;
				ORGANIZATIONNAME = eric3u;
				TargetAttributes = {
					4FBF02192144284A00CA0EC8 = {
						CreatedOnToolsVersion = 9.3;
						SystemCapabilities = {
							com.apple.BackgroundModes = {
								enabled = 1;
							};
						};
					};
				};
			};
			buildConfigurationList = 4FBF02152144284A00CA0EC8 /* Build configuration list for PBXProject "VideoCodecKitDemo" */;
			compatibilityVersion = "Xcode 9.3";
			developmentRegion = en;
			hasScannedForEncodings = 0;
			knownRegions = (
				en,
				Base,
			);
			mainGroup = 4FBF02112144284A00CA0EC8;
			productRefGroup = 4FBF021B2144284A00CA0EC8 /* Products */;
			projectDirPath = "";
			projectRoot = "";
			targets = (
				4FBF02192144284A00CA0EC8 /* VideoCodecKitDemo */,
			);
		};
/* End PBXProject section */

/* Begin PBXResourcesBuildPhase section */
		4FBF02182144284A00CA0EC8 /* Resources */ = {
			isa = PBXResourcesBuildPhase;
			buildActionMask = 2147483647;
			files = (
				4F9173DF23DF077E0065D31D /* sss.h264 in Resources */,
				4FD32AB1220DD61000C391E8 /* test_flv_audio.flv in Resources */,
				4FBF022A2144284B00CA0EC8 /* LaunchScreen.storyboard in Resources */,
				4FBF02272144284B00CA0EC8 /* Assets.xcassets in Resources */,
				4F9173E023DF077E0065D31D /* sss.h265 in Resources */,
				4F927A22214E382D00F17F9A /* Shader.vsh in Resources */,
				4FBF02252144284A00CA0EC8 /* Main.storyboard in Resources */,
				4F927A20214E381000F17F9A /* Shader.fsh in Resources */,
				4FDF7F1E2205240A0019833C /* test.flv in Resources */,
				4F93584B2169EE2300A9F613 /* test.h264 in Resources */,
			);
			runOnlyForDeploymentPostprocessing = 0;
		};
/* End PBXResourcesBuildPhase section */

/* Begin PBXSourcesBuildPhase section */
		4FBF02162144284A00CA0EC8 /* Sources */ = {
			isa = PBXSourcesBuildPhase;
			buildActionMask = 2147483647;
			files = (
				4F0F951B2188941F00CB9BAE /* VCDemoNavigationController.m in Sources */,
				4F9173F123DF21D20065D31D /* VCRawH264DemoViewController.m in Sources */,
				4FBCCE6A21FCD08B00E7BF3C /* VCDemoISOTestViewController.m in Sources */,
				4FDF7F47220BEF4B0019833C /* VCDemoMicRecorderTestViewController.m in Sources */,
				4F0F95382188BCB100CB9BAE /* VCDemoListViewController.m in Sources */,
				4FD32AAF220DD54A00C391E8 /* VCDemoFLVAudioPlayTestViewController.m in Sources */,
				4FDF7F362209381A0019833C /* VCDemoEncoderTestViewController.m in Sources */,
				4F0F95212188962C00CB9BAE /* VCDemoBackableViewController.m in Sources */,
				4FBF022D2144284B00CA0EC8 /* main.m in Sources */,
				4FBF021F2144284A00CA0EC8 /* AppDelegate.m in Sources */,
				4F0F951E218894FC00CB9BAE /* VCDemoViewController.m in Sources */,
			);
			runOnlyForDeploymentPostprocessing = 0;
		};
/* End PBXSourcesBuildPhase section */

/* Begin PBXVariantGroup section */
		4FBF02232144284A00CA0EC8 /* Main.storyboard */ = {
			isa = PBXVariantGroup;
			children = (
				4FBF02242144284A00CA0EC8 /* Base */,
			);
			name = Main.storyboard;
			sourceTree = "<group>";
		};
		4FBF02282144284B00CA0EC8 /* LaunchScreen.storyboard */ = {
			isa = PBXVariantGroup;
			children = (
				4FBF02292144284B00CA0EC8 /* Base */,
			);
			name = LaunchScreen.storyboard;
			sourceTree = "<group>";
		};
/* End PBXVariantGroup section */

/* Begin XCBuildConfiguration section */
		4FBF022E2144284B00CA0EC8 /* Debug */ = {
			isa = XCBuildConfiguration;
			buildSettings = {
				ALWAYS_SEARCH_USER_PATHS = NO;
				CLANG_ANALYZER_NONNULL = YES;
				CLANG_ANALYZER_NUMBER_OBJECT_CONVERSION = YES_AGGRESSIVE;
				CLANG_CXX_LANGUAGE_STANDARD = "gnu++14";
				CLANG_CXX_LIBRARY = "libc++";
				CLANG_ENABLE_MODULES = YES;
				CLANG_ENABLE_OBJC_ARC = YES;
				CLANG_ENABLE_OBJC_WEAK = YES;
				CLANG_WARN_BLOCK_CAPTURE_AUTORELEASING = YES;
				CLANG_WARN_BOOL_CONVERSION = YES;
				CLANG_WARN_COMMA = YES;
				CLANG_WARN_CONSTANT_CONVERSION = YES;
				CLANG_WARN_DEPRECATED_OBJC_IMPLEMENTATIONS = YES;
				CLANG_WARN_DIRECT_OBJC_ISA_USAGE = YES_ERROR;
				CLANG_WARN_DOCUMENTATION_COMMENTS = YES;
				CLANG_WARN_EMPTY_BODY = YES;
				CLANG_WARN_ENUM_CONVERSION = YES;
				CLANG_WARN_INFINITE_RECURSION = YES;
				CLANG_WARN_INT_CONVERSION = YES;
				CLANG_WARN_NON_LITERAL_NULL_CONVERSION = YES;
				CLANG_WARN_OBJC_IMPLICIT_RETAIN_SELF = YES;
				CLANG_WARN_OBJC_LITERAL_CONVERSION = YES;
				CLANG_WARN_OBJC_ROOT_CLASS = YES_ERROR;
				CLANG_WARN_RANGE_LOOP_ANALYSIS = YES;
				CLANG_WARN_STRICT_PROTOTYPES = YES;
				CLANG_WARN_SUSPICIOUS_MOVE = YES;
				CLANG_WARN_UNGUARDED_AVAILABILITY = YES_AGGRESSIVE;
				CLANG_WARN_UNREACHABLE_CODE = YES;
				CLANG_WARN__DUPLICATE_METHOD_MATCH = YES;
				CODE_SIGN_IDENTITY = "iPhone Developer";
				COPY_PHASE_STRIP = NO;
				DEBUG_INFORMATION_FORMAT = dwarf;
				ENABLE_STRICT_OBJC_MSGSEND = YES;
				ENABLE_TESTABILITY = YES;
				GCC_C_LANGUAGE_STANDARD = gnu11;
				GCC_DYNAMIC_NO_PIC = NO;
				GCC_NO_COMMON_BLOCKS = YES;
				GCC_OPTIMIZATION_LEVEL = 0;
				GCC_PREPROCESSOR_DEFINITIONS = (
					"DEBUG=1",
					"$(inherited)",
				);
				GCC_WARN_64_TO_32_BIT_CONVERSION = YES;
				GCC_WARN_ABOUT_RETURN_TYPE = YES_ERROR;
				GCC_WARN_UNDECLARED_SELECTOR = YES;
				GCC_WARN_UNINITIALIZED_AUTOS = YES_AGGRESSIVE;
				GCC_WARN_UNUSED_FUNCTION = YES;
				GCC_WARN_UNUSED_VARIABLE = YES;
				IPHONEOS_DEPLOYMENT_TARGET = 10.0;
				MTL_ENABLE_DEBUG_INFO = YES;
				ONLY_ACTIVE_ARCH = YES;
				SDKROOT = iphoneos;
			};
			name = Debug;
		};
		4FBF022F2144284B00CA0EC8 /* Release */ = {
			isa = XCBuildConfiguration;
			buildSettings = {
				ALWAYS_SEARCH_USER_PATHS = NO;
				CLANG_ANALYZER_NONNULL = YES;
				CLANG_ANALYZER_NUMBER_OBJECT_CONVERSION = YES_AGGRESSIVE;
				CLANG_CXX_LANGUAGE_STANDARD = "gnu++14";
				CLANG_CXX_LIBRARY = "libc++";
				CLANG_ENABLE_MODULES = YES;
				CLANG_ENABLE_OBJC_ARC = YES;
				CLANG_ENABLE_OBJC_WEAK = YES;
				CLANG_WARN_BLOCK_CAPTURE_AUTORELEASING = YES;
				CLANG_WARN_BOOL_CONVERSION = YES;
				CLANG_WARN_COMMA = YES;
				CLANG_WARN_CONSTANT_CONVERSION = YES;
				CLANG_WARN_DEPRECATED_OBJC_IMPLEMENTATIONS = YES;
				CLANG_WARN_DIRECT_OBJC_ISA_USAGE = YES_ERROR;
				CLANG_WARN_DOCUMENTATION_COMMENTS = YES;
				CLANG_WARN_EMPTY_BODY = YES;
				CLANG_WARN_ENUM_CONVERSION = YES;
				CLANG_WARN_INFINITE_RECURSION = YES;
				CLANG_WARN_INT_CONVERSION = YES;
				CLANG_WARN_NON_LITERAL_NULL_CONVERSION = YES;
				CLANG_WARN_OBJC_IMPLICIT_RETAIN_SELF = YES;
				CLANG_WARN_OBJC_LITERAL_CONVERSION = YES;
				CLANG_WARN_OBJC_ROOT_CLASS = YES_ERROR;
				CLANG_WARN_RANGE_LOOP_ANALYSIS = YES;
				CLANG_WARN_STRICT_PROTOTYPES = YES;
				CLANG_WARN_SUSPICIOUS_MOVE = YES;
				CLANG_WARN_UNGUARDED_AVAILABILITY = YES_AGGRESSIVE;
				CLANG_WARN_UNREACHABLE_CODE = YES;
				CLANG_WARN__DUPLICATE_METHOD_MATCH = YES;
				CODE_SIGN_IDENTITY = "iPhone Developer";
				COPY_PHASE_STRIP = NO;
				DEBUG_INFORMATION_FORMAT = "dwarf-with-dsym";
				ENABLE_NS_ASSERTIONS = NO;
				ENABLE_STRICT_OBJC_MSGSEND = YES;
				GCC_C_LANGUAGE_STANDARD = gnu11;
				GCC_NO_COMMON_BLOCKS = YES;
				GCC_WARN_64_TO_32_BIT_CONVERSION = YES;
				GCC_WARN_ABOUT_RETURN_TYPE = YES_ERROR;
				GCC_WARN_UNDECLARED_SELECTOR = YES;
				GCC_WARN_UNINITIALIZED_AUTOS = YES_AGGRESSIVE;
				GCC_WARN_UNUSED_FUNCTION = YES;
				GCC_WARN_UNUSED_VARIABLE = YES;
				IPHONEOS_DEPLOYMENT_TARGET = 10.0;
				MTL_ENABLE_DEBUG_INFO = NO;
				SDKROOT = iphoneos;
				VALIDATE_PRODUCT = YES;
			};
			name = Release;
		};
		4FBF02312144284B00CA0EC8 /* Debug */ = {
			isa = XCBuildConfiguration;
			buildSettings = {
				ASSETCATALOG_COMPILER_APPICON_NAME = AppIcon;
				CODE_SIGN_STYLE = Automatic;
				DEVELOPMENT_TEAM = 2VQ94C2355;
				FRAMEWORK_SEARCH_PATHS = (
					"$(inherited)",
					"$(PROJECT_DIR)/VideoCodecKitDemo",
				);
				GCC_PRECOMPILE_PREFIX_HEADER = YES;
				HEADER_SEARCH_PATHS = "";
				INFOPLIST_FILE = "${PROJECT_DIR}/VideoCodecKitDemo/Info.plist";
				IPHONEOS_DEPLOYMENT_TARGET = 10.0;
				LD_RUNPATH_SEARCH_PATHS = (
					"$(inherited)",
					"@executable_path/Frameworks",
				);
				OTHER_LDFLAGS = "-ObjC";
				PRODUCT_BUNDLE_IDENTIFIER = com.eric3u.VideoCodecKitDemo;
				PRODUCT_NAME = "$(TARGET_NAME)";
				TARGETED_DEVICE_FAMILY = "1,2";
			};
			name = Debug;
		};
		4FBF02322144284B00CA0EC8 /* Release */ = {
			isa = XCBuildConfiguration;
			buildSettings = {
				ASSETCATALOG_COMPILER_APPICON_NAME = AppIcon;
				CODE_SIGN_STYLE = Automatic;
				DEVELOPMENT_TEAM = 2VQ94C2355;
				FRAMEWORK_SEARCH_PATHS = (
					"$(inherited)",
					"$(PROJECT_DIR)/VideoCodecKitDemo",
				);
				GCC_PRECOMPILE_PREFIX_HEADER = YES;
				HEADER_SEARCH_PATHS = "";
				INFOPLIST_FILE = "${PROJECT_DIR}/VideoCodecKitDemo/Info.plist";
				IPHONEOS_DEPLOYMENT_TARGET = 10.0;
				LD_RUNPATH_SEARCH_PATHS = (
					"$(inherited)",
					"@executable_path/Frameworks",
				);
				OTHER_LDFLAGS = "-ObjC";
				PRODUCT_BUNDLE_IDENTIFIER = com.eric3u.VideoCodecKitDemo;
				PRODUCT_NAME = "$(TARGET_NAME)";
				TARGETED_DEVICE_FAMILY = "1,2";
			};
			name = Release;
		};
/* End XCBuildConfiguration section */

/* Begin XCConfigurationList section */
		4FBF02152144284A00CA0EC8 /* Build configuration list for PBXProject "VideoCodecKitDemo" */ = {
			isa = XCConfigurationList;
			buildConfigurations = (
				4FBF022E2144284B00CA0EC8 /* Debug */,
				4FBF022F2144284B00CA0EC8 /* Release */,
			);
			defaultConfigurationIsVisible = 0;
			defaultConfigurationName = Release;
		};
		4FBF02302144284B00CA0EC8 /* Build configuration list for PBXNativeTarget "VideoCodecKitDemo" */ = {
			isa = XCConfigurationList;
			buildConfigurations = (
				4FBF02312144284B00CA0EC8 /* Debug */,
				4FBF02322144284B00CA0EC8 /* Release */,
			);
			defaultConfigurationIsVisible = 0;
			defaultConfigurationName = Release;
		};
/* End XCConfigurationList section */
	};
	rootObject = 4FBF02122144284A00CA0EC8 /* Project object */;
}
